
Microsoft Visual Studio Solution File, Format Version 12.00
# Visual Studio Version 17
VisualStudioVersion = 17.3.32811.315
MinimumVisualStudioVersion = 10.0.40219.1
Project("{FAE04EC0-301F-11D3-BF4B-00C04F79EFBC}") = "Day20UserRegistration", "Day20UserRegistration.csproj", "{C22CBA4E-D931-44D8-82B0-33B1BD2C4826}"
EndProject
Project("{FAE04EC0-301F-11D3-BF4B-00C04F79EFBC}") = "TestProject1", "..\TestProject1\TestProject1.csproj", "{A7F492D7-1784-41DE-92E8-729E5DB5464D}"
EndProject
Global
	GlobalSection(SolutionConfigurationPlatforms) = preSolution
		Debug|Any CPU = Debug|Any CPU
		Release|Any CPU = Release|Any CPU
	EndGlobalSection
	GlobalSection(ProjectConfigurationPlatforms) = postSolution
		{C22CBA4E-D931-44D8-82B0-33B1BD2C4826}.Debug|Any CPU.ActiveCfg = Debug|Any CPU
		{C22CBA4E-D931-44D8-82B0-33B1BD2C4826}.Debug|Any CPU.Build.0 = Debug|Any CPU
		{C22CBA4E-D931-44D8-82B0-33B1BD2C4826}.Release|Any CPU.ActiveCfg = Release|Any CPU
		{C22CBA4E-D931-44D8-82B0-33B1BD2C4826}.Release|Any CPU.Build.0 = Release|Any CPU
		{A7F492D7-1784-41DE-92E8-729E5DB5464D}.Debug|Any CPU.ActiveCfg = Debug|Any CPU
		{A7F492D7-1784-41DE-92E8-729E5DB5464D}.Debug|Any CPU.Build.0 = Debug|Any CPU
		{A7F492D7-1784-41DE-92E8-729E5DB5464D}.Release|Any CPU.ActiveCfg = Release|Any CPU
		{A7F492D7-1784-41DE-92E8-729E5DB5464D}.Release|Any CPU.Build.0 = Release|Any CPU
	EndGlobalSection
	GlobalSection(SolutionProperties) = preSolution
		HideSolutionNode = FALSE
	EndGlobalSection
	GlobalSection(ExtensibilityGlobals) = postSolution
		SolutionGuid = {EA4468C1-BCB8-4E1A-8332-0FF5898B8204}
	EndGlobalSection
EndGlobal
